// !$*UTF8*$!
{
	archiveVersion = 1;
	classes = {
	};
	objectVersion = 51;
	objects = {

/* Begin PBXBuildFile section */
		24377C1F25BEEA460072E844 /* UIViewControllerExtension.swift in Sources */ = {isa = PBXBuildFile; fileRef = 24377C1E25BEEA460072E844 /* UIViewControllerExtension.swift */; };
		244B594A25A03851007A497A /* GoogleService-Info.plist in Resources */ = {isa = PBXBuildFile; fileRef = 244B594925A03851007A497A /* GoogleService-Info.plist */; };
		244B595E25A0798E007A497A /* SignUpViewController.swift in Sources */ = {isa = PBXBuildFile; fileRef = 244B595D25A0798E007A497A /* SignUpViewController.swift */; };
		24696ECE25C53BB00005E1F8 /* Profile.storyboard in Resources */ = {isa = PBXBuildFile; fileRef = 24696ECD25C53BB00005E1F8 /* Profile.storyboard */; };
		24696ED325C53BCA0005E1F8 /* ProfileViewController.swift in Sources */ = {isa = PBXBuildFile; fileRef = 24696ED225C53BCA0005E1F8 /* ProfileViewController.swift */; };
		247D5D5125B484A000E45212 /* UIButtonExtension.swift in Sources */ = {isa = PBXBuildFile; fileRef = 247D5D5025B484A000E45212 /* UIButtonExtension.swift */; };
		24A1D51525C1A900001D5665 /* ChangeProfileImage.storyboard in Resources */ = {isa = PBXBuildFile; fileRef = 24A1D51425C1A900001D5665 /* ChangeProfileImage.storyboard */; };
		24A1D52825C1AD11001D5665 /* ChangeProfileImageViewController.swift in Sources */ = {isa = PBXBuildFile; fileRef = 24A1D52725C1AD11001D5665 /* ChangeProfileImageViewController.swift */; };
		24A66E36259F732700AC4E7B /* AppDelegate.swift in Sources */ = {isa = PBXBuildFile; fileRef = 24A66E35259F732700AC4E7B /* AppDelegate.swift */; };
		24A66E38259F732700AC4E7B /* SceneDelegate.swift in Sources */ = {isa = PBXBuildFile; fileRef = 24A66E37259F732700AC4E7B /* SceneDelegate.swift */; };
		24A66E3F259F732900AC4E7B /* Assets.xcassets in Resources */ = {isa = PBXBuildFile; fileRef = 24A66E3E259F732900AC4E7B /* Assets.xcassets */; };
		24A66E42259F732900AC4E7B /* LaunchScreen.storyboard in Resources */ = {isa = PBXBuildFile; fileRef = 24A66E40259F732900AC4E7B /* LaunchScreen.storyboard */; };
		24A66E4D259F732900AC4E7B /* letsPlankTests.swift in Sources */ = {isa = PBXBuildFile; fileRef = 24A66E4C259F732900AC4E7B /* letsPlankTests.swift */; };
		24A66E58259F732900AC4E7B /* letsPlankUITests.swift in Sources */ = {isa = PBXBuildFile; fileRef = 24A66E57259F732900AC4E7B /* letsPlankUITests.swift */; };
		24A66E6C259F735B00AC4E7B /* Main.storyboard in Resources */ = {isa = PBXBuildFile; fileRef = 24A66E6B259F735B00AC4E7B /* Main.storyboard */; };
		24A66E74259F738A00AC4E7B /* SettingTimerViewController.swift in Sources */ = {isa = PBXBuildFile; fileRef = 24A66E71259F738A00AC4E7B /* SettingTimerViewController.swift */; };
		24A66E75259F738A00AC4E7B /* RecordViewController.swift in Sources */ = {isa = PBXBuildFile; fileRef = 24A66E72259F738A00AC4E7B /* RecordViewController.swift */; };
		24A66E76259F738A00AC4E7B /* DoPlankViewController.swift in Sources */ = {isa = PBXBuildFile; fileRef = 24A66E73259F738A00AC4E7B /* DoPlankViewController.swift */; };
		24A66E80259F739B00AC4E7B /* UIPickerViewExtension.swift in Sources */ = {isa = PBXBuildFile; fileRef = 24A66E7E259F739B00AC4E7B /* UIPickerViewExtension.swift */; };
		24A66E81259F739B00AC4E7B /* UiColourExtention.swift in Sources */ = {isa = PBXBuildFile; fileRef = 24A66E7F259F739B00AC4E7B /* UiColourExtention.swift */; };
		24A66E8A259F73DD00AC4E7B /* SettingTimer.storyboard in Resources */ = {isa = PBXBuildFile; fileRef = 24A66E88259F73DD00AC4E7B /* SettingTimer.storyboard */; };
		24A7872E25AF22630079FB54 /* Quotes.swift in Sources */ = {isa = PBXBuildFile; fileRef = 24A7872D25AF22630079FB54 /* Quotes.swift */; };
		24A7873625AF35B90079FB54 /* SelectImage.storyboard in Resources */ = {isa = PBXBuildFile; fileRef = 24A7873525AF35B90079FB54 /* SelectImage.storyboard */; };
		24A7873E25AF35D60079FB54 /* SelectImageViewController.swift in Sources */ = {isa = PBXBuildFile; fileRef = 24A7873D25AF35D60079FB54 /* SelectImageViewController.swift */; };
		24AAAC6025A0A3DA00F804F6 /* MenuViewController.swift in Sources */ = {isa = PBXBuildFile; fileRef = 24AAAC5F25A0A3DA00F804F6 /* MenuViewController.swift */; };
		24AAAC6925A0A5AE00F804F6 /* Introduce.storyboard in Resources */ = {isa = PBXBuildFile; fileRef = 24AAAC6825A0A5AE00F804F6 /* Introduce.storyboard */; };
		24AAAC6F25A0A66100F804F6 /* IntroduceViewController.swift in Sources */ = {isa = PBXBuildFile; fileRef = 24AAAC6E25A0A66100F804F6 /* IntroduceViewController.swift */; };
		24AC124525A1844500A81872 /* MenuTableViewCell.swift in Sources */ = {isa = PBXBuildFile; fileRef = 24AC124425A1844500A81872 /* MenuTableViewCell.swift */; };
		24C09AA925D4D8590053B72F /* UIImageExtension.swift in Sources */ = {isa = PBXBuildFile; fileRef = 24C09AA825D4D8590053B72F /* UIImageExtension.swift */; };
		24CE631A25A31685006831F1 /* SignUp.storyboard in Resources */ = {isa = PBXBuildFile; fileRef = 24CE631925A31685006831F1 /* SignUp.storyboard */; };
		24CE632825A75764006831F1 /* Login.storyboard in Resources */ = {isa = PBXBuildFile; fileRef = 24CE632725A75764006831F1 /* Login.storyboard */; };
		24CE632D25A7577C006831F1 /* LoginViewController.swift in Sources */ = {isa = PBXBuildFile; fileRef = 24CE632C25A7577C006831F1 /* LoginViewController.swift */; };
		24CE633525AAF31D006831F1 /* TabBarController.swift in Sources */ = {isa = PBXBuildFile; fileRef = 24CE633425AAF31D006831F1 /* TabBarController.swift */; };
		5EB9BAB82B7956E234CCB04D /* Pods_letsPlank_letsPlankUITests.framework in Frameworks */ = {isa = PBXBuildFile; fileRef = A003F2FA902960B9099738E2 /* Pods_letsPlank_letsPlankUITests.framework */; };
		610F11D6174F97AC3FADCBEB /* Pods_letsPlank.framework in Frameworks */ = {isa = PBXBuildFile; fileRef = 03BF44625257F90B6E5DE0E8 /* Pods_letsPlank.framework */; };
		666F67255F9C5C6CABDABEC7 /* Pods_letsPlankTests.framework in Frameworks */ = {isa = PBXBuildFile; fileRef = 82106531CBA6181E98879D37 /* Pods_letsPlankTests.framework */; };
/* End PBXBuildFile section */

/* Begin PBXContainerItemProxy section */
		24A66E49259F732900AC4E7B /* PBXContainerItemProxy */ = {
			isa = PBXContainerItemProxy;
			containerPortal = 24A66E2A259F732700AC4E7B /* Project object */;
			proxyType = 1;
			remoteGlobalIDString = 24A66E31259F732700AC4E7B;
			remoteInfo = letsPlank;
		};
		24A66E54259F732900AC4E7B /* PBXContainerItemProxy */ = {
			isa = PBXContainerItemProxy;
			containerPortal = 24A66E2A259F732700AC4E7B /* Project object */;
			proxyType = 1;
			remoteGlobalIDString = 24A66E31259F732700AC4E7B;
			remoteInfo = letsPlank;
		};
/* End PBXContainerItemProxy section */

/* Begin PBXFileReference section */
		03BF44625257F90B6E5DE0E8 /* Pods_letsPlank.framework */ = {isa = PBXFileReference; explicitFileType = wrapper.framework; includeInIndex = 0; path = Pods_letsPlank.framework; sourceTree = BUILT_PRODUCTS_DIR; };
		24377C1E25BEEA460072E844 /* UIViewControllerExtension.swift */ = {isa = PBXFileReference; lastKnownFileType = sourcecode.swift; path = UIViewControllerExtension.swift; sourceTree = "<group>"; };
		244B594925A03851007A497A /* GoogleService-Info.plist */ = {isa = PBXFileReference; fileEncoding = 4; lastKnownFileType = text.plist.xml; path = "GoogleService-Info.plist"; sourceTree = "<group>"; };
		244B595D25A0798E007A497A /* SignUpViewController.swift */ = {isa = PBXFileReference; fileEncoding = 4; lastKnownFileType = sourcecode.swift; path = SignUpViewController.swift; sourceTree = "<group>"; };
		24696ECD25C53BB00005E1F8 /* Profile.storyboard */ = {isa = PBXFileReference; lastKnownFileType = file.storyboard; path = Profile.storyboard; sourceTree = "<group>"; };
		24696ED225C53BCA0005E1F8 /* ProfileViewController.swift */ = {isa = PBXFileReference; lastKnownFileType = sourcecode.swift; path = ProfileViewController.swift; sourceTree = "<group>"; };
		247D5D5025B484A000E45212 /* UIButtonExtension.swift */ = {isa = PBXFileReference; lastKnownFileType = sourcecode.swift; path = UIButtonExtension.swift; sourceTree = "<group>"; };
		24A1D51425C1A900001D5665 /* ChangeProfileImage.storyboard */ = {isa = PBXFileReference; lastKnownFileType = file.storyboard; path = ChangeProfileImage.storyboard; sourceTree = "<group>"; };
		24A1D52725C1AD11001D5665 /* ChangeProfileImageViewController.swift */ = {isa = PBXFileReference; lastKnownFileType = sourcecode.swift; path = ChangeProfileImageViewController.swift; sourceTree = "<group>"; };
		24A66E32259F732700AC4E7B /* letsPlank.app */ = {isa = PBXFileReference; explicitFileType = wrapper.application; includeInIndex = 0; path = letsPlank.app; sourceTree = BUILT_PRODUCTS_DIR; };
		24A66E35259F732700AC4E7B /* AppDelegate.swift */ = {isa = PBXFileReference; lastKnownFileType = sourcecode.swift; path = AppDelegate.swift; sourceTree = "<group>"; };
		24A66E37259F732700AC4E7B /* SceneDelegate.swift */ = {isa = PBXFileReference; lastKnownFileType = sourcecode.swift; path = SceneDelegate.swift; sourceTree = "<group>"; };
		24A66E3E259F732900AC4E7B /* Assets.xcassets */ = {isa = PBXFileReference; lastKnownFileType = folder.assetcatalog; path = Assets.xcassets; sourceTree = "<group>"; };
		24A66E41259F732900AC4E7B /* Base */ = {isa = PBXFileReference; lastKnownFileType = file.storyboard; name = Base; path = Base.lproj/LaunchScreen.storyboard; sourceTree = "<group>"; };
		24A66E43259F732900AC4E7B /* Info.plist */ = {isa = PBXFileReference; lastKnownFileType = text.plist.xml; path = Info.plist; sourceTree = "<group>"; };
		24A66E48259F732900AC4E7B /* letsPlankTests.xctest */ = {isa = PBXFileReference; explicitFileType = wrapper.cfbundle; includeInIndex = 0; path = letsPlankTests.xctest; sourceTree = BUILT_PRODUCTS_DIR; };
		24A66E4C259F732900AC4E7B /* letsPlankTests.swift */ = {isa = PBXFileReference; lastKnownFileType = sourcecode.swift; path = letsPlankTests.swift; sourceTree = "<group>"; };
		24A66E4E259F732900AC4E7B /* Info.plist */ = {isa = PBXFileReference; lastKnownFileType = text.plist.xml; path = Info.plist; sourceTree = "<group>"; };
		24A66E53259F732900AC4E7B /* letsPlankUITests.xctest */ = {isa = PBXFileReference; explicitFileType = wrapper.cfbundle; includeInIndex = 0; path = letsPlankUITests.xctest; sourceTree = BUILT_PRODUCTS_DIR; };
		24A66E57259F732900AC4E7B /* letsPlankUITests.swift */ = {isa = PBXFileReference; lastKnownFileType = sourcecode.swift; path = letsPlankUITests.swift; sourceTree = "<group>"; };
		24A66E59259F732900AC4E7B /* Info.plist */ = {isa = PBXFileReference; lastKnownFileType = text.plist.xml; path = Info.plist; sourceTree = "<group>"; };
		24A66E6B259F735B00AC4E7B /* Main.storyboard */ = {isa = PBXFileReference; fileEncoding = 4; lastKnownFileType = file.storyboard; path = Main.storyboard; sourceTree = "<group>"; };
		24A66E71259F738A00AC4E7B /* SettingTimerViewController.swift */ = {isa = PBXFileReference; fileEncoding = 4; lastKnownFileType = sourcecode.swift; path = SettingTimerViewController.swift; sourceTree = "<group>"; };
		24A66E72259F738A00AC4E7B /* RecordViewController.swift */ = {isa = PBXFileReference; fileEncoding = 4; lastKnownFileType = sourcecode.swift; path = RecordViewController.swift; sourceTree = "<group>"; };
		24A66E73259F738A00AC4E7B /* DoPlankViewController.swift */ = {isa = PBXFileReference; fileEncoding = 4; lastKnownFileType = sourcecode.swift; path = DoPlankViewController.swift; sourceTree = "<group>"; };
		24A66E7E259F739B00AC4E7B /* UIPickerViewExtension.swift */ = {isa = PBXFileReference; fileEncoding = 4; lastKnownFileType = sourcecode.swift; path = UIPickerViewExtension.swift; sourceTree = "<group>"; };
		24A66E7F259F739B00AC4E7B /* UiColourExtention.swift */ = {isa = PBXFileReference; fileEncoding = 4; lastKnownFileType = sourcecode.swift; path = UiColourExtention.swift; sourceTree = "<group>"; };
		24A66E88259F73DD00AC4E7B /* SettingTimer.storyboard */ = {isa = PBXFileReference; fileEncoding = 4; lastKnownFileType = file.storyboard; path = SettingTimer.storyboard; sourceTree = "<group>"; };
		24A7872D25AF22630079FB54 /* Quotes.swift */ = {isa = PBXFileReference; lastKnownFileType = sourcecode.swift; path = Quotes.swift; sourceTree = "<group>"; };
		24A7873525AF35B90079FB54 /* SelectImage.storyboard */ = {isa = PBXFileReference; lastKnownFileType = file.storyboard; path = SelectImage.storyboard; sourceTree = "<group>"; };
		24A7873D25AF35D60079FB54 /* SelectImageViewController.swift */ = {isa = PBXFileReference; lastKnownFileType = sourcecode.swift; path = SelectImageViewController.swift; sourceTree = "<group>"; };
		24AAAC5F25A0A3DA00F804F6 /* MenuViewController.swift */ = {isa = PBXFileReference; lastKnownFileType = sourcecode.swift; path = MenuViewController.swift; sourceTree = "<group>"; };
		24AAAC6825A0A5AE00F804F6 /* Introduce.storyboard */ = {isa = PBXFileReference; lastKnownFileType = file.storyboard; path = Introduce.storyboard; sourceTree = "<group>"; };
		24AAAC6E25A0A66100F804F6 /* IntroduceViewController.swift */ = {isa = PBXFileReference; lastKnownFileType = sourcecode.swift; path = IntroduceViewController.swift; sourceTree = "<group>"; };
		24AC124425A1844500A81872 /* MenuTableViewCell.swift */ = {isa = PBXFileReference; lastKnownFileType = sourcecode.swift; path = MenuTableViewCell.swift; sourceTree = "<group>"; };
		24C09AA825D4D8590053B72F /* UIImageExtension.swift */ = {isa = PBXFileReference; lastKnownFileType = sourcecode.swift; path = UIImageExtension.swift; sourceTree = "<group>"; };
		24CE631925A31685006831F1 /* SignUp.storyboard */ = {isa = PBXFileReference; fileEncoding = 4; lastKnownFileType = file.storyboard; path = SignUp.storyboard; sourceTree = "<group>"; };
		24CE632725A75764006831F1 /* Login.storyboard */ = {isa = PBXFileReference; lastKnownFileType = file.storyboard; path = Login.storyboard; sourceTree = "<group>"; };
		24CE632C25A7577C006831F1 /* LoginViewController.swift */ = {isa = PBXFileReference; lastKnownFileType = sourcecode.swift; path = LoginViewController.swift; sourceTree = "<group>"; };
		24CE633425AAF31D006831F1 /* TabBarController.swift */ = {isa = PBXFileReference; lastKnownFileType = sourcecode.swift; path = TabBarController.swift; sourceTree = "<group>"; };
		35EF5BE16066B629E8EA9E17 /* Pods-letsPlankTests.release.xcconfig */ = {isa = PBXFileReference; includeInIndex = 1; lastKnownFileType = text.xcconfig; name = "Pods-letsPlankTests.release.xcconfig"; path = "Target Support Files/Pods-letsPlankTests/Pods-letsPlankTests.release.xcconfig"; sourceTree = "<group>"; };
		503F548A590C48217297945D /* Pods-letsPlank.debug.xcconfig */ = {isa = PBXFileReference; includeInIndex = 1; lastKnownFileType = text.xcconfig; name = "Pods-letsPlank.debug.xcconfig"; path = "Target Support Files/Pods-letsPlank/Pods-letsPlank.debug.xcconfig"; sourceTree = "<group>"; };
		668094FA5F6D9590113DE158 /* Pods-letsPlank-letsPlankUITests.release.xcconfig */ = {isa = PBXFileReference; includeInIndex = 1; lastKnownFileType = text.xcconfig; name = "Pods-letsPlank-letsPlankUITests.release.xcconfig"; path = "Target Support Files/Pods-letsPlank-letsPlankUITests/Pods-letsPlank-letsPlankUITests.release.xcconfig"; sourceTree = "<group>"; };
		7234DB9461567DAD4F1CD0D6 /* Pods-letsPlankTests.debug.xcconfig */ = {isa = PBXFileReference; includeInIndex = 1; lastKnownFileType = text.xcconfig; name = "Pods-letsPlankTests.debug.xcconfig"; path = "Target Support Files/Pods-letsPlankTests/Pods-letsPlankTests.debug.xcconfig"; sourceTree = "<group>"; };
		82106531CBA6181E98879D37 /* Pods_letsPlankTests.framework */ = {isa = PBXFileReference; explicitFileType = wrapper.framework; includeInIndex = 0; path = Pods_letsPlankTests.framework; sourceTree = BUILT_PRODUCTS_DIR; };
		8CB319DEABD1CD4F3E7CF4AF /* Pods-letsPlank.release.xcconfig */ = {isa = PBXFileReference; includeInIndex = 1; lastKnownFileType = text.xcconfig; name = "Pods-letsPlank.release.xcconfig"; path = "Target Support Files/Pods-letsPlank/Pods-letsPlank.release.xcconfig"; sourceTree = "<group>"; };
		A003F2FA902960B9099738E2 /* Pods_letsPlank_letsPlankUITests.framework */ = {isa = PBXFileReference; explicitFileType = wrapper.framework; includeInIndex = 0; path = Pods_letsPlank_letsPlankUITests.framework; sourceTree = BUILT_PRODUCTS_DIR; };
		BE873D99F89962BA6254E0BD /* Pods-letsPlank-letsPlankUITests.debug.xcconfig */ = {isa = PBXFileReference; includeInIndex = 1; lastKnownFileType = text.xcconfig; name = "Pods-letsPlank-letsPlankUITests.debug.xcconfig"; path = "Target Support Files/Pods-letsPlank-letsPlankUITests/Pods-letsPlank-letsPlankUITests.debug.xcconfig"; sourceTree = "<group>"; };
/* End PBXFileReference section */

/* Begin PBXFrameworksBuildPhase section */
		24A66E2F259F732700AC4E7B /* Frameworks */ = {
			isa = PBXFrameworksBuildPhase;
			buildActionMask = 2147483647;
			files = (
				610F11D6174F97AC3FADCBEB /* Pods_letsPlank.framework in Frameworks */,
			);
			runOnlyForDeploymentPostprocessing = 0;
		};
		24A66E45259F732900AC4E7B /* Frameworks */ = {
			isa = PBXFrameworksBuildPhase;
			buildActionMask = 2147483647;
			files = (
				666F67255F9C5C6CABDABEC7 /* Pods_letsPlankTests.framework in Frameworks */,
			);
			runOnlyForDeploymentPostprocessing = 0;
		};
		24A66E50259F732900AC4E7B /* Frameworks */ = {
			isa = PBXFrameworksBuildPhase;
			buildActionMask = 2147483647;
			files = (
				5EB9BAB82B7956E234CCB04D /* Pods_letsPlank_letsPlankUITests.framework in Frameworks */,
			);
			runOnlyForDeploymentPostprocessing = 0;
		};
/* End PBXFrameworksBuildPhase section */

/* Begin PBXGroup section */
		244B595125A0776F007A497A /* Storyboards */ = {
			isa = PBXGroup;
			children = (
				24A66E6B259F735B00AC4E7B /* Main.storyboard */,
				24A66E88259F73DD00AC4E7B /* SettingTimer.storyboard */,
				24CE631925A31685006831F1 /* SignUp.storyboard */,
				24CE632725A75764006831F1 /* Login.storyboard */,
				24A7873525AF35B90079FB54 /* SelectImage.storyboard */,
				24AAAC6425A0A57900F804F6 /* MenuStoryboards */,
			);
			path = Storyboards;
			sourceTree = "<group>";
		};
		24A66E29259F732700AC4E7B = {
			isa = PBXGroup;
			children = (
				24A66E34259F732700AC4E7B /* letsPlank */,
				24A66E4B259F732900AC4E7B /* letsPlankTests */,
				24A66E56259F732900AC4E7B /* letsPlankUITests */,
				24A66E33259F732700AC4E7B /* Products */,
				74DE0FF9B24975E172870F77 /* Pods */,
				4CF50675CF6B8DB728DE54D9 /* Frameworks */,
			);
			sourceTree = "<group>";
		};
		24A66E33259F732700AC4E7B /* Products */ = {
			isa = PBXGroup;
			children = (
				24A66E32259F732700AC4E7B /* letsPlank.app */,
				24A66E48259F732900AC4E7B /* letsPlankTests.xctest */,
				24A66E53259F732900AC4E7B /* letsPlankUITests.xctest */,
			);
			name = Products;
			sourceTree = "<group>";
		};
		24A66E34259F732700AC4E7B /* letsPlank */ = {
			isa = PBXGroup;
			children = (
				244B595125A0776F007A497A /* Storyboards */,
				24A66E70259F738A00AC4E7B /* Controller */,
				24A66E7D259F739B00AC4E7B /* Extensions */,
				24A66E37259F732700AC4E7B /* SceneDelegate.swift */,
				24A7872D25AF22630079FB54 /* Quotes.swift */,
				24A66E35259F732700AC4E7B /* AppDelegate.swift */,
				24A66E3E259F732900AC4E7B /* Assets.xcassets */,
				24A66E40259F732900AC4E7B /* LaunchScreen.storyboard */,
				24A66E43259F732900AC4E7B /* Info.plist */,
				244B594925A03851007A497A /* GoogleService-Info.plist */,
			);
			path = letsPlank;
			sourceTree = "<group>";
		};
		24A66E4B259F732900AC4E7B /* letsPlankTests */ = {
			isa = PBXGroup;
			children = (
				24A66E4C259F732900AC4E7B /* letsPlankTests.swift */,
				24A66E4E259F732900AC4E7B /* Info.plist */,
			);
			path = letsPlankTests;
			sourceTree = "<group>";
		};
		24A66E56259F732900AC4E7B /* letsPlankUITests */ = {
			isa = PBXGroup;
			children = (
				24A66E57259F732900AC4E7B /* letsPlankUITests.swift */,
				24A66E59259F732900AC4E7B /* Info.plist */,
			);
			path = letsPlankUITests;
			sourceTree = "<group>";
		};
		24A66E70259F738A00AC4E7B /* Controller */ = {
			isa = PBXGroup;
			children = (
				24CE633425AAF31D006831F1 /* TabBarController.swift */,
				24CE632C25A7577C006831F1 /* LoginViewController.swift */,
				24A66E71259F738A00AC4E7B /* SettingTimerViewController.swift */,
				24A66E72259F738A00AC4E7B /* RecordViewController.swift */,
				244B595D25A0798E007A497A /* SignUpViewController.swift */,
				24A7873D25AF35D60079FB54 /* SelectImageViewController.swift */,
				24A66E73259F738A00AC4E7B /* DoPlankViewController.swift */,
				24AAAC5F25A0A3DA00F804F6 /* MenuViewController.swift */,
				24AAAC6D25A0A62000F804F6 /* Menu */,
			);
			path = Controller;
			sourceTree = "<group>";
		};
		24A66E7D259F739B00AC4E7B /* Extensions */ = {
			isa = PBXGroup;
			children = (
				24A66E7E259F739B00AC4E7B /* UIPickerViewExtension.swift */,
				24A66E7F259F739B00AC4E7B /* UiColourExtention.swift */,
				247D5D5025B484A000E45212 /* UIButtonExtension.swift */,
				24377C1E25BEEA460072E844 /* UIViewControllerExtension.swift */,
				24C09AA825D4D8590053B72F /* UIImageExtension.swift */,
			);
			path = Extensions;
			sourceTree = "<group>";
		};
		24AAAC6425A0A57900F804F6 /* MenuStoryboards */ = {
			isa = PBXGroup;
			children = (
				24AAAC6825A0A5AE00F804F6 /* Introduce.storyboard */,
				24A1D51425C1A900001D5665 /* ChangeProfileImage.storyboard */,
				24696ECD25C53BB00005E1F8 /* Profile.storyboard */,
			);
			path = MenuStoryboards;
			sourceTree = "<group>";
		};
		24AAAC6D25A0A62000F804F6 /* Menu */ = {
			isa = PBXGroup;
			children = (
				24AAAC6E25A0A66100F804F6 /* IntroduceViewController.swift */,
				24AC124425A1844500A81872 /* MenuTableViewCell.swift */,
				24A1D52725C1AD11001D5665 /* ChangeProfileImageViewController.swift */,
				24696ED225C53BCA0005E1F8 /* ProfileViewController.swift */,
			);
			path = Menu;
			sourceTree = "<group>";
		};
		4CF50675CF6B8DB728DE54D9 /* Frameworks */ = {
			isa = PBXGroup;
			children = (
				03BF44625257F90B6E5DE0E8 /* Pods_letsPlank.framework */,
				A003F2FA902960B9099738E2 /* Pods_letsPlank_letsPlankUITests.framework */,
				82106531CBA6181E98879D37 /* Pods_letsPlankTests.framework */,
			);
			name = Frameworks;
			sourceTree = "<group>";
		};
		74DE0FF9B24975E172870F77 /* Pods */ = {
			isa = PBXGroup;
			children = (
				503F548A590C48217297945D /* Pods-letsPlank.debug.xcconfig */,
				8CB319DEABD1CD4F3E7CF4AF /* Pods-letsPlank.release.xcconfig */,
				BE873D99F89962BA6254E0BD /* Pods-letsPlank-letsPlankUITests.debug.xcconfig */,
				668094FA5F6D9590113DE158 /* Pods-letsPlank-letsPlankUITests.release.xcconfig */,
				7234DB9461567DAD4F1CD0D6 /* Pods-letsPlankTests.debug.xcconfig */,
				35EF5BE16066B629E8EA9E17 /* Pods-letsPlankTests.release.xcconfig */,
			);
			path = Pods;
			sourceTree = "<group>";
		};
/* End PBXGroup section */

/* Begin PBXNativeTarget section */
		24A66E31259F732700AC4E7B /* letsPlank */ = {
			isa = PBXNativeTarget;
			buildConfigurationList = 24A66E5C259F732900AC4E7B /* Build configuration list for PBXNativeTarget "letsPlank" */;
			buildPhases = (
				1A5BD0316F6A2F5F82BC8323 /* [CP] Check Pods Manifest.lock */,
				24A66E2E259F732700AC4E7B /* Sources */,
				24A66E2F259F732700AC4E7B /* Frameworks */,
				24A66E30259F732700AC4E7B /* Resources */,
				9F124702BFF23947648BD755 /* [CP] Embed Pods Frameworks */,
			);
			buildRules = (
			);
			dependencies = (
			);
			name = letsPlank;
			productName = letsPlank;
			productReference = 24A66E32259F732700AC4E7B /* letsPlank.app */;
			productType = "com.apple.product-type.application";
		};
		24A66E47259F732900AC4E7B /* letsPlankTests */ = {
			isa = PBXNativeTarget;
			buildConfigurationList = 24A66E5F259F732900AC4E7B /* Build configuration list for PBXNativeTarget "letsPlankTests" */;
			buildPhases = (
				B76FC3B67434F27D791AAC9F /* [CP] Check Pods Manifest.lock */,
				24A66E44259F732900AC4E7B /* Sources */,
				24A66E45259F732900AC4E7B /* Frameworks */,
				24A66E46259F732900AC4E7B /* Resources */,
			);
			buildRules = (
			);
			dependencies = (
				24A66E4A259F732900AC4E7B /* PBXTargetDependency */,
			);
			name = letsPlankTests;
			productName = letsPlankTests;
			productReference = 24A66E48259F732900AC4E7B /* letsPlankTests.xctest */;
			productType = "com.apple.product-type.bundle.unit-test";
		};
		24A66E52259F732900AC4E7B /* letsPlankUITests */ = {
			isa = PBXNativeTarget;
			buildConfigurationList = 24A66E62259F732900AC4E7B /* Build configuration list for PBXNativeTarget "letsPlankUITests" */;
			buildPhases = (
				94A960E2BDC92DCBCF0E266E /* [CP] Check Pods Manifest.lock */,
				24A66E4F259F732900AC4E7B /* Sources */,
				24A66E50259F732900AC4E7B /* Frameworks */,
				24A66E51259F732900AC4E7B /* Resources */,
				3D54114C10D5C0B76D02D9E4 /* [CP] Embed Pods Frameworks */,
			);
			buildRules = (
			);
			dependencies = (
				24A66E55259F732900AC4E7B /* PBXTargetDependency */,
			);
			name = letsPlankUITests;
			productName = letsPlankUITests;
			productReference = 24A66E53259F732900AC4E7B /* letsPlankUITests.xctest */;
			productType = "com.apple.product-type.bundle.ui-testing";
		};
/* End PBXNativeTarget section */

/* Begin PBXProject section */
		24A66E2A259F732700AC4E7B /* Project object */ = {
			isa = PBXProject;
			attributes = {
				LastSwiftUpdateCheck = 1230;
				LastUpgradeCheck = 1230;
				TargetAttributes = {
					24A66E31259F732700AC4E7B = {
						CreatedOnToolsVersion = 12.3;
					};
					24A66E47259F732900AC4E7B = {
						CreatedOnToolsVersion = 12.3;
						TestTargetID = 24A66E31259F732700AC4E7B;
					};
					24A66E52259F732900AC4E7B = {
						CreatedOnToolsVersion = 12.3;
						TestTargetID = 24A66E31259F732700AC4E7B;
					};
				};
			};
			buildConfigurationList = 24A66E2D259F732700AC4E7B /* Build configuration list for PBXProject "letsPlank" */;
			compatibilityVersion = "Xcode 9.3";
			developmentRegion = en;
			hasScannedForEncodings = 0;
			knownRegions = (
				en,
				Base,
			);
			mainGroup = 24A66E29259F732700AC4E7B;
			productRefGroup = 24A66E33259F732700AC4E7B /* Products */;
			projectDirPath = "";
			projectRoot = "";
			targets = (
				24A66E31259F732700AC4E7B /* letsPlank */,
				24A66E47259F732900AC4E7B /* letsPlankTests */,
				24A66E52259F732900AC4E7B /* letsPlankUITests */,
			);
		};
/* End PBXProject section */

/* Begin PBXResourcesBuildPhase section */
		24A66E30259F732700AC4E7B /* Resources */ = {
			isa = PBXResourcesBuildPhase;
			buildActionMask = 2147483647;
			files = (
				24AAAC6925A0A5AE00F804F6 /* Introduce.storyboard in Resources */,
				24696ECE25C53BB00005E1F8 /* Profile.storyboard in Resources */,
				24A66E6C259F735B00AC4E7B /* Main.storyboard in Resources */,
				24A66E8A259F73DD00AC4E7B /* SettingTimer.storyboard in Resources */,
				24A66E42259F732900AC4E7B /* LaunchScreen.storyboard in Resources */,
				24A7873625AF35B90079FB54 /* SelectImage.storyboard in Resources */,
				244B594A25A03851007A497A /* GoogleService-Info.plist in Resources */,
				24A1D51525C1A900001D5665 /* ChangeProfileImage.storyboard in Resources */,
				24CE631A25A31685006831F1 /* SignUp.storyboard in Resources */,
				24A66E3F259F732900AC4E7B /* Assets.xcassets in Resources */,
				24CE632825A75764006831F1 /* Login.storyboard in Resources */,
			);
			runOnlyForDeploymentPostprocessing = 0;
		};
		24A66E46259F732900AC4E7B /* Resources */ = {
			isa = PBXResourcesBuildPhase;
			buildActionMask = 2147483647;
			files = (
			);
			runOnlyForDeploymentPostprocessing = 0;
		};
		24A66E51259F732900AC4E7B /* Resources */ = {
			isa = PBXResourcesBuildPhase;
			buildActionMask = 2147483647;
			files = (
			);
			runOnlyForDeploymentPostprocessing = 0;
		};
/* End PBXResourcesBuildPhase section */

/* Begin PBXShellScriptBuildPhase section */
		1A5BD0316F6A2F5F82BC8323 /* [CP] Check Pods Manifest.lock */ = {
			isa = PBXShellScriptBuildPhase;
			buildActionMask = 2147483647;
			files = (
			);
			inputFileListPaths = (
			);
			inputPaths = (
				"${PODS_PODFILE_DIR_PATH}/Podfile.lock",
				"${PODS_ROOT}/Manifest.lock",
			);
			name = "[CP] Check Pods Manifest.lock";
			outputFileListPaths = (
			);
			outputPaths = (
				"$(DERIVED_FILE_DIR)/Pods-letsPlank-checkManifestLockResult.txt",
			);
			runOnlyForDeploymentPostprocessing = 0;
			shellPath = /bin/sh;
			shellScript = "diff \"${PODS_PODFILE_DIR_PATH}/Podfile.lock\" \"${PODS_ROOT}/Manifest.lock\" > /dev/null\nif [ $? != 0 ] ; then\n    # print error to STDERR\n    echo \"error: The sandbox is not in sync with the Podfile.lock. Run 'pod install' or update your CocoaPods installation.\" >&2\n    exit 1\nfi\n# This output is used by Xcode 'outputs' to avoid re-running this script phase.\necho \"SUCCESS\" > \"${SCRIPT_OUTPUT_FILE_0}\"\n";
			showEnvVarsInLog = 0;
		};
		3D54114C10D5C0B76D02D9E4 /* [CP] Embed Pods Frameworks */ = {
			isa = PBXShellScriptBuildPhase;
			buildActionMask = 2147483647;
			files = (
			);
			inputFileListPaths = (
				"${PODS_ROOT}/Target Support Files/Pods-letsPlank-letsPlankUITests/Pods-letsPlank-letsPlankUITests-frameworks-${CONFIGURATION}-input-files.xcfilelist",
			);
			name = "[CP] Embed Pods Frameworks";
			outputFileListPaths = (
				"${PODS_ROOT}/Target Support Files/Pods-letsPlank-letsPlankUITests/Pods-letsPlank-letsPlankUITests-frameworks-${CONFIGURATION}-output-files.xcfilelist",
			);
			runOnlyForDeploymentPostprocessing = 0;
			shellPath = /bin/sh;
			shellScript = "\"${PODS_ROOT}/Target Support Files/Pods-letsPlank-letsPlankUITests/Pods-letsPlank-letsPlankUITests-frameworks.sh\"\n";
			showEnvVarsInLog = 0;
		};
		94A960E2BDC92DCBCF0E266E /* [CP] Check Pods Manifest.lock */ = {
			isa = PBXShellScriptBuildPhase;
			buildActionMask = 2147483647;
			files = (
			);
			inputFileListPaths = (
			);
			inputPaths = (
				"${PODS_PODFILE_DIR_PATH}/Podfile.lock",
				"${PODS_ROOT}/Manifest.lock",
			);
			name = "[CP] Check Pods Manifest.lock";
			outputFileListPaths = (
			);
			outputPaths = (
				"$(DERIVED_FILE_DIR)/Pods-letsPlank-letsPlankUITests-checkManifestLockResult.txt",
			);
			runOnlyForDeploymentPostprocessing = 0;
			shellPath = /bin/sh;
			shellScript = "diff \"${PODS_PODFILE_DIR_PATH}/Podfile.lock\" \"${PODS_ROOT}/Manifest.lock\" > /dev/null\nif [ $? != 0 ] ; then\n    # print error to STDERR\n    echo \"error: The sandbox is not in sync with the Podfile.lock. Run 'pod install' or update your CocoaPods installation.\" >&2\n    exit 1\nfi\n# This output is used by Xcode 'outputs' to avoid re-running this script phase.\necho \"SUCCESS\" > \"${SCRIPT_OUTPUT_FILE_0}\"\n";
			showEnvVarsInLog = 0;
		};
		9F124702BFF23947648BD755 /* [CP] Embed Pods Frameworks */ = {
			isa = PBXShellScriptBuildPhase;
			buildActionMask = 2147483647;
			files = (
			);
			inputFileListPaths = (
				"${PODS_ROOT}/Target Support Files/Pods-letsPlank/Pods-letsPlank-frameworks-${CONFIGURATION}-input-files.xcfilelist",
			);
			name = "[CP] Embed Pods Frameworks";
			outputFileListPaths = (
				"${PODS_ROOT}/Target Support Files/Pods-letsPlank/Pods-letsPlank-frameworks-${CONFIGURATION}-output-files.xcfilelist",
			);
			runOnlyForDeploymentPostprocessing = 0;
			shellPath = /bin/sh;
			shellScript = "\"${PODS_ROOT}/Target Support Files/Pods-letsPlank/Pods-letsPlank-frameworks.sh\"\n";
			showEnvVarsInLog = 0;
		};
		B76FC3B67434F27D791AAC9F /* [CP] Check Pods Manifest.lock */ = {
			isa = PBXShellScriptBuildPhase;
			buildActionMask = 2147483647;
			files = (
			);
			inputFileListPaths = (
			);
			inputPaths = (
				"${PODS_PODFILE_DIR_PATH}/Podfile.lock",
				"${PODS_ROOT}/Manifest.lock",
			);
			name = "[CP] Check Pods Manifest.lock";
			outputFileListPaths = (
			);
			outputPaths = (
				"$(DERIVED_FILE_DIR)/Pods-letsPlankTests-checkManifestLockResult.txt",
			);
			runOnlyForDeploymentPostprocessing = 0;
			shellPath = /bin/sh;
			shellScript = "diff \"${PODS_PODFILE_DIR_PATH}/Podfile.lock\" \"${PODS_ROOT}/Manifest.lock\" > /dev/null\nif [ $? != 0 ] ; then\n    # print error to STDERR\n    echo \"error: The sandbox is not in sync with the Podfile.lock. Run 'pod install' or update your CocoaPods installation.\" >&2\n    exit 1\nfi\n# This output is used by Xcode 'outputs' to avoid re-running this script phase.\necho \"SUCCESS\" > \"${SCRIPT_OUTPUT_FILE_0}\"\n";
			showEnvVarsInLog = 0;
		};
/* End PBXShellScriptBuildPhase section */

/* Begin PBXSourcesBuildPhase section */
		24A66E2E259F732700AC4E7B /* Sources */ = {
			isa = PBXSourcesBuildPhase;
			buildActionMask = 2147483647;
			files = (
				24A7872E25AF22630079FB54 /* Quotes.swift in Sources */,
				24CE632D25A7577C006831F1 /* LoginViewController.swift in Sources */,
				24A1D52825C1AD11001D5665 /* ChangeProfileImageViewController.swift in Sources */,
				24C09AA925D4D8590053B72F /* UIImageExtension.swift in Sources */,
				24CE633525AAF31D006831F1 /* TabBarController.swift in Sources */,
				24AAAC6F25A0A66100F804F6 /* IntroduceViewController.swift in Sources */,
				24377C1F25BEEA460072E844 /* UIViewControllerExtension.swift in Sources */,
				24A66E76259F738A00AC4E7B /* DoPlankViewController.swift in Sources */,
				24A66E81259F739B00AC4E7B /* UiColourExtention.swift in Sources */,
				244B595E25A0798E007A497A /* SignUpViewController.swift in Sources */,
				24696ED325C53BCA0005E1F8 /* ProfileViewController.swift in Sources */,
				24A66E36259F732700AC4E7B /* AppDelegate.swift in Sources */,
				24AAAC6025A0A3DA00F804F6 /* MenuViewController.swift in Sources */,
				247D5D5125B484A000E45212 /* UIButtonExtension.swift in Sources */,
				24A66E80259F739B00AC4E7B /* UIPickerViewExtension.swift in Sources */,
				24A66E75259F738A00AC4E7B /* RecordViewController.swift in Sources */,
				24A66E74259F738A00AC4E7B /* SettingTimerViewController.swift in Sources */,
				24A66E38259F732700AC4E7B /* SceneDelegate.swift in Sources */,
				24AC124525A1844500A81872 /* MenuTableViewCell.swift in Sources */,
				24A7873E25AF35D60079FB54 /* SelectImageViewController.swift in Sources */,
			);
			runOnlyForDeploymentPostprocessing = 0;
		};
		24A66E44259F732900AC4E7B /* Sources */ = {
			isa = PBXSourcesBuildPhase;
			buildActionMask = 2147483647;
			files = (
				24A66E4D259F732900AC4E7B /* letsPlankTests.swift in Sources */,
			);
			runOnlyForDeploymentPostprocessing = 0;
		};
		24A66E4F259F732900AC4E7B /* Sources */ = {
			isa = PBXSourcesBuildPhase;
			buildActionMask = 2147483647;
			files = (
				24A66E58259F732900AC4E7B /* letsPlankUITests.swift in Sources */,
			);
			runOnlyForDeploymentPostprocessing = 0;
		};
/* End PBXSourcesBuildPhase section */

/* Begin PBXTargetDependency section */
		24A66E4A259F732900AC4E7B /* PBXTargetDependency */ = {
			isa = PBXTargetDependency;
			target = 24A66E31259F732700AC4E7B /* letsPlank */;
			targetProxy = 24A66E49259F732900AC4E7B /* PBXContainerItemProxy */;
		};
		24A66E55259F732900AC4E7B /* PBXTargetDependency */ = {
			isa = PBXTargetDependency;
			target = 24A66E31259F732700AC4E7B /* letsPlank */;
			targetProxy = 24A66E54259F732900AC4E7B /* PBXContainerItemProxy */;
		};
/* End PBXTargetDependency section */

/* Begin PBXVariantGroup section */
		24A66E40259F732900AC4E7B /* LaunchScreen.storyboard */ = {
			isa = PBXVariantGroup;
			children = (
				24A66E41259F732900AC4E7B /* Base */,
			);
			name = LaunchScreen.storyboard;
			sourceTree = "<group>";
		};
/* End PBXVariantGroup section */

/* Begin XCBuildConfiguration section */
		24A66E5A259F732900AC4E7B /* Debug */ = {
			isa = XCBuildConfiguration;
			buildSettings = {
				ALWAYS_SEARCH_USER_PATHS = NO;
				CLANG_ANALYZER_NONNULL = YES;
				CLANG_ANALYZER_NUMBER_OBJECT_CONVERSION = YES_AGGRESSIVE;
				CLANG_CXX_LANGUAGE_STANDARD = "gnu++14";
				CLANG_CXX_LIBRARY = "libc++";
				CLANG_ENABLE_MODULES = YES;
				CLANG_ENABLE_OBJC_ARC = YES;
				CLANG_ENABLE_OBJC_WEAK = YES;
				CLANG_WARN_BLOCK_CAPTURE_AUTORELEASING = YES;
				CLANG_WARN_BOOL_CONVERSION = YES;
				CLANG_WARN_COMMA = YES;
				CLANG_WARN_CONSTANT_CONVERSION = YES;
				CLANG_WARN_DEPRECATED_OBJC_IMPLEMENTATIONS = YES;
				CLANG_WARN_DIRECT_OBJC_ISA_USAGE = YES_ERROR;
				CLANG_WARN_DOCUMENTATION_COMMENTS = YES;
				CLANG_WARN_EMPTY_BODY = YES;
				CLANG_WARN_ENUM_CONVERSION = YES;
				CLANG_WARN_INFINITE_RECURSION = YES;
				CLANG_WARN_INT_CONVERSION = YES;
				CLANG_WARN_NON_LITERAL_NULL_CONVERSION = YES;
				CLANG_WARN_OBJC_IMPLICIT_RETAIN_SELF = YES;
				CLANG_WARN_OBJC_LITERAL_CONVERSION = YES;
				CLANG_WARN_OBJC_ROOT_CLASS = YES_ERROR;
				CLANG_WARN_QUOTED_INCLUDE_IN_FRAMEWORK_HEADER = YES;
				CLANG_WARN_RANGE_LOOP_ANALYSIS = YES;
				CLANG_WARN_STRICT_PROTOTYPES = YES;
				CLANG_WARN_SUSPICIOUS_MOVE = YES;
				CLANG_WARN_UNGUARDED_AVAILABILITY = YES_AGGRESSIVE;
				CLANG_WARN_UNREACHABLE_CODE = YES;
				CLANG_WARN__DUPLICATE_METHOD_MATCH = YES;
				COPY_PHASE_STRIP = NO;
				DEBUG_INFORMATION_FORMAT = dwarf;
				ENABLE_STRICT_OBJC_MSGSEND = YES;
				ENABLE_TESTABILITY = YES;
				GCC_C_LANGUAGE_STANDARD = gnu11;
				GCC_DYNAMIC_NO_PIC = NO;
				GCC_NO_COMMON_BLOCKS = YES;
				GCC_OPTIMIZATION_LEVEL = 0;
				GCC_PREPROCESSOR_DEFINITIONS = (
					"DEBUG=1",
					"$(inherited)",
				);
				GCC_WARN_64_TO_32_BIT_CONVERSION = YES;
				GCC_WARN_ABOUT_RETURN_TYPE = YES_ERROR;
				GCC_WARN_UNDECLARED_SELECTOR = YES;
				GCC_WARN_UNINITIALIZED_AUTOS = YES_AGGRESSIVE;
				GCC_WARN_UNUSED_FUNCTION = YES;
				GCC_WARN_UNUSED_VARIABLE = YES;
				IPHONEOS_DEPLOYMENT_TARGET = 14.3;
				MTL_ENABLE_DEBUG_INFO = INCLUDE_SOURCE;
				MTL_FAST_MATH = YES;
				ONLY_ACTIVE_ARCH = YES;
				SDKROOT = iphoneos;
				SWIFT_ACTIVE_COMPILATION_CONDITIONS = DEBUG;
				SWIFT_OPTIMIZATION_LEVEL = "-Onone";
			};
			name = Debug;
		};
		24A66E5B259F732900AC4E7B /* Release */ = {
			isa = XCBuildConfiguration;
			buildSettings = {
				ALWAYS_SEARCH_USER_PATHS = NO;
				CLANG_ANALYZER_NONNULL = YES;
				CLANG_ANALYZER_NUMBER_OBJECT_CONVERSION = YES_AGGRESSIVE;
				CLANG_CXX_LANGUAGE_STANDARD = "gnu++14";
				CLANG_CXX_LIBRARY = "libc++";
				CLANG_ENABLE_MODULES = YES;
				CLANG_ENABLE_OBJC_ARC = YES;
				CLANG_ENABLE_OBJC_WEAK = YES;
				CLANG_WARN_BLOCK_CAPTURE_AUTORELEASING = YES;
				CLANG_WARN_BOOL_CONVERSION = YES;
				CLANG_WARN_COMMA = YES;
				CLANG_WARN_CONSTANT_CONVERSION = YES;
				CLANG_WARN_DEPRECATED_OBJC_IMPLEMENTATIONS = YES;
				CLANG_WARN_DIRECT_OBJC_ISA_USAGE = YES_ERROR;
				CLANG_WARN_DOCUMENTATION_COMMENTS = YES;
				CLANG_WARN_EMPTY_BODY = YES;
				CLANG_WARN_ENUM_CONVERSION = YES;
				CLANG_WARN_INFINITE_RECURSION = YES;
				CLANG_WARN_INT_CONVERSION = YES;
				CLANG_WARN_NON_LITERAL_NULL_CONVERSION = YES;
				CLANG_WARN_OBJC_IMPLICIT_RETAIN_SELF = YES;
				CLANG_WARN_OBJC_LITERAL_CONVERSION = YES;
				CLANG_WARN_OBJC_ROOT_CLASS = YES_ERROR;
				CLANG_WARN_QUOTED_INCLUDE_IN_FRAMEWORK_HEADER = YES;
				CLANG_WARN_RANGE_LOOP_ANALYSIS = YES;
				CLANG_WARN_STRICT_PROTOTYPES = YES;
				CLANG_WARN_SUSPICIOUS_MOVE = YES;
				CLANG_WARN_UNGUARDED_AVAILABILITY = YES_AGGRESSIVE;
				CLANG_WARN_UNREACHABLE_CODE = YES;
				CLANG_WARN__DUPLICATE_METHOD_MATCH = YES;
				COPY_PHASE_STRIP = NO;
				DEBUG_INFORMATION_FORMAT = "dwarf-with-dsym";
				ENABLE_NS_ASSERTIONS = NO;
				ENABLE_STRICT_OBJC_MSGSEND = YES;
				GCC_C_LANGUAGE_STANDARD = gnu11;
				GCC_NO_COMMON_BLOCKS = YES;
				GCC_WARN_64_TO_32_BIT_CONVERSION = YES;
				GCC_WARN_ABOUT_RETURN_TYPE = YES_ERROR;
				GCC_WARN_UNDECLARED_SELECTOR = YES;
				GCC_WARN_UNINITIALIZED_AUTOS = YES_AGGRESSIVE;
				GCC_WARN_UNUSED_FUNCTION = YES;
				GCC_WARN_UNUSED_VARIABLE = YES;
				IPHONEOS_DEPLOYMENT_TARGET = 14.3;
				MTL_ENABLE_DEBUG_INFO = NO;
				MTL_FAST_MATH = YES;
				SDKROOT = iphoneos;
				SWIFT_COMPILATION_MODE = wholemodule;
				SWIFT_OPTIMIZATION_LEVEL = "-O";
				VALIDATE_PRODUCT = YES;
			};
			name = Release;
		};
		24A66E5D259F732900AC4E7B /* Debug */ = {
			isa = XCBuildConfiguration;
			baseConfigurationReference = 503F548A590C48217297945D /* Pods-letsPlank.debug.xcconfig */;
			buildSettings = {
				ASSETCATALOG_COMPILER_APPICON_NAME = AppIcon;
				ASSETCATALOG_COMPILER_GLOBAL_ACCENT_COLOR_NAME = AccentColor;
				CODE_SIGN_STYLE = Automatic;
				DEVELOPMENT_TEAM = P6K8M6RQ2W;
				INFOPLIST_FILE = letsPlank/Info.plist;
				IPHONEOS_DEPLOYMENT_TARGET = 14.0;
				LD_RUNPATH_SEARCH_PATHS = (
					"$(inherited)",
					"@executable_path/Frameworks",
				);
				PRODUCT_BUNDLE_IDENTIFIER = com.r.t.astronomy.letsPlank;
				PRODUCT_NAME = "$(TARGET_NAME)";
				SWIFT_VERSION = 5.0;
				TARGETED_DEVICE_FAMILY = 1;
			};
			name = Debug;
		};
		24A66E5E259F732900AC4E7B /* Release */ = {
			isa = XCBuildConfiguration;
			baseConfigurationReference = 8CB319DEABD1CD4F3E7CF4AF /* Pods-letsPlank.release.xcconfig */;
			buildSettings = {
				ASSETCATALOG_COMPILER_APPICON_NAME = AppIcon;
				ASSETCATALOG_COMPILER_GLOBAL_ACCENT_COLOR_NAME = AccentColor;
				CODE_SIGN_STYLE = Automatic;
				DEVELOPMENT_TEAM = P6K8M6RQ2W;
				INFOPLIST_FILE = letsPlank/Info.plist;
				IPHONEOS_DEPLOYMENT_TARGET = 14.0;
				LD_RUNPATH_SEARCH_PATHS = (
					"$(inherited)",
					"@executable_path/Frameworks",
				);
				PRODUCT_BUNDLE_IDENTIFIER = com.r.t.astronomy.letsPlank;
				PRODUCT_NAME = "$(TARGET_NAME)";
				SWIFT_VERSION = 5.0;
				TARGETED_DEVICE_FAMILY = 1;
			};
			name = Release;
		};
		24A66E60259F732900AC4E7B /* Debug */ = {
			isa = XCBuildConfiguration;
			baseConfigurationReference = 7234DB9461567DAD4F1CD0D6 /* Pods-letsPlankTests.debug.xcconfig */;
			buildSettings = {
				ALWAYS_EMBED_SWIFT_STANDARD_LIBRARIES = YES;
				BUNDLE_LOADER = "$(TEST_HOST)";
				CODE_SIGN_STYLE = Automatic;
				DEVELOPMENT_TEAM = P6K8M6RQ2W;
				INFOPLIST_FILE = letsPlankTests/Info.plist;
				IPHONEOS_DEPLOYMENT_TARGET = 14.3;
				LD_RUNPATH_SEARCH_PATHS = (
					"$(inherited)",
					"@executable_path/Frameworks",
					"@loader_path/Frameworks",
				);
				PRODUCT_BUNDLE_IDENTIFIER = com.r.t.astronomy.letsPlankTests;
				PRODUCT_NAME = "$(TARGET_NAME)";
				SWIFT_VERSION = 5.0;
				TARGETED_DEVICE_FAMILY = "1,2";
				TEST_HOST = "$(BUILT_PRODUCTS_DIR)/letsPlank.app/letsPlank";
			};
			name = Debug;
		};
		24A66E61259F732900AC4E7B /* Release */ = {
			isa = XCBuildConfiguration;
			baseConfigurationReference = 35EF5BE16066B629E8EA9E17 /* Pods-letsPlankTests.release.xcconfig */;
			buildSettings = {
				ALWAYS_EMBED_SWIFT_STANDARD_LIBRARIES = YES;
				BUNDLE_LOADER = "$(TEST_HOST)";
				CODE_SIGN_STYLE = Automatic;
				DEVELOPMENT_TEAM = P6K8M6RQ2W;
				INFOPLIST_FILE = letsPlankTests/Info.plist;
				IPHONEOS_DEPLOYMENT_TARGET = 14.3;
				LD_RUNPATH_SEARCH_PATHS = (
					"$(inherited)",
					"@executable_path/Frameworks",
					"@loader_path/Frameworks",
				);
				PRODUCT_BUNDLE_IDENTIFIER = com.r.t.astronomy.letsPlankTests;
				PRODUCT_NAME = "$(TARGET_NAME)";
				SWIFT_VERSION = 5.0;
				TARGETED_DEVICE_FAMILY = "1,2";
				TEST_HOST = "$(BUILT_PRODUCTS_DIR)/letsPlank.app/letsPlank";
			};
			name = Release;
		};
		24A66E63259F732900AC4E7B /* Debug */ = {
			isa = XCBuildConfiguration;
			baseConfigurationReference = BE873D99F89962BA6254E0BD /* Pods-letsPlank-letsPlankUITests.debug.xcconfig */;
			buildSettings = {
				ALWAYS_EMBED_SWIFT_STANDARD_LIBRARIES = YES;
				CODE_SIGN_STYLE = Automatic;
				DEVELOPMENT_TEAM = P6K8M6RQ2W;
				INFOPLIST_FILE = letsPlankUITests/Info.plist;
				LD_RUNPATH_SEARCH_PATHS = (
					"$(inherited)",
					"@executable_path/Frameworks",
					"@loader_path/Frameworks",
				);
				PRODUCT_BUNDLE_IDENTIFIER = com.r.t.astronomy.letsPlankUITests;
				PRODUCT_NAME = "$(TARGET_NAME)";
				SWIFT_VERSION = 5.0;
				TARGETED_DEVICE_FAMILY = "1,2";
				TEST_TARGET_NAME = letsPlank;
			};
			name = Debug;
		};
		24A66E64259F732900AC4E7B /* Release */ = {
			isa = XCBuildConfiguration;
			baseConfigurationReference = 668094FA5F6D9590113DE158 /* Pods-letsPlank-letsPlankUITests.release.xcconfig */;
			buildSettings = {
				ALWAYS_EMBED_SWIFT_STANDARD_LIBRARIES = YES;
				CODE_SIGN_STYLE = Automatic;
				DEVELOPMENT_TEAM = P6K8M6RQ2W;
				INFOPLIST_FILE = letsPlankUITests/Info.plist;
				LD_RUNPATH_SEARCH_PATHS = (
					"$(inherited)",
					"@executable_path/Frameworks",
					"@loader_path/Frameworks",
				);
				PRODUCT_BUNDLE_IDENTIFIER = com.r.t.astronomy.letsPlankUITests;
				PRODUCT_NAME = "$(TARGET_NAME)";
				SWIFT_VERSION = 5.0;
				TARGETED_DEVICE_FAMILY = "1,2";
				TEST_TARGET_NAME = letsPlank;
			};
			name = Release;
		};
/* End XCBuildConfiguration section */

/* Begin XCConfigurationList section */
		24A66E2D259F732700AC4E7B /* Build configuration list for PBXProject "letsPlank" */ = {
			isa = XCConfigurationList;
			buildConfigurations = (
				24A66E5A259F732900AC4E7B /* Debug */,
				24A66E5B259F732900AC4E7B /* Release */,
			);
			defaultConfigurationIsVisible = 0;
			defaultConfigurationName = Release;
		};
		24A66E5C259F732900AC4E7B /* Build configuration list for PBXNativeTarget "letsPlank" */ = {
			isa = XCConfigurationList;
			buildConfigurations = (
				24A66E5D259F732900AC4E7B /* Debug */,
				24A66E5E259F732900AC4E7B /* Release */,
			);
			defaultConfigurationIsVisible = 0;
			defaultConfigurationName = Release;
		};
		24A66E5F259F732900AC4E7B /* Build configuration list for PBXNativeTarget "letsPlankTests" */ = {
			isa = XCConfigurationList;
			buildConfigurations = (
				24A66E60259F732900AC4E7B /* Debug */,
				24A66E61259F732900AC4E7B /* Release */,
			);
			defaultConfigurationIsVisible = 0;
			defaultConfigurationName = Release;
		};
		24A66E62259F732900AC4E7B /* Build configuration list for PBXNativeTarget "letsPlankUITests" */ = {
			isa = XCConfigurationList;
			buildConfigurations = (
				24A66E63259F732900AC4E7B /* Debug */,
				24A66E64259F732900AC4E7B /* Release */,
			);
			defaultConfigurationIsVisible = 0;
			defaultConfigurationName = Release;
		};
/* End XCConfigurationList section */
	};
	rootObject = 24A66E2A259F732700AC4E7B /* Project object */;
}
